
Microsoft Visual Studio Solution File, Format Version 12.00
# Visual Studio Version 17
VisualStudioVersion = 17.14.36212.18
MinimumVisualStudioVersion = 10.0.40219.1
Project("{FAE04EC0-301F-11D3-BF4B-00C04F79EFBC}") = "SAE_Dynamics_RGF", "SAE_Dynamics_RGF\SAE_Dynamics_RGF.csproj", "{A9896E17-D411-45CF-9DEE-DB0368759150}"
EndProject
Global
	GlobalSection(SolutionConfigurationPlatforms) = preSolution
		Debug|Any CPU = Debug|Any CPU
		Release|Any CPU = Release|Any CPU
	EndGlobalSection
	GlobalSection(ProjectConfigurationPlatforms) = postSolution
		{A9896E17-D411-45CF-9DEE-DB0368759150}.Debug|Any CPU.ActiveCfg = Debug|Any CPU
		{A9896E17-D411-45CF-9DEE-DB0368759150}.Debug|Any CPU.Build.0 = Debug|Any CPU
		{A9896E17-D411-45CF-9DEE-DB0368759150}.Release|Any CPU.ActiveCfg = Release|Any CPU
		{A9896E17-D411-45CF-9DEE-DB0368759150}.Release|Any CPU.Build.0 = Release|Any CPU
	EndGlobalSection
	GlobalSection(SolutionProperties) = preSolution
		HideSolutionNode = FALSE
	EndGlobalSection
	GlobalSection(ExtensibilityGlobals) = postSolution
		SolutionGuid = {197975D7-490A-4AAC-AA6B-01274626D974}
	EndGlobalSection
EndGlobal
